
Microsoft Visual Studio Solution File, Format Version 11.00
# Visual Studio 2010
Project("{FAE04EC0-301F-11D3-BF4B-00C04F79EFBC}") = "3DPresentation", "3DPresentation\3DPresentation.csproj", "{AFFAF371-8DB4-4FF1-893A-69DF3BB423AF}"
EndProject
Project("{FAE04EC0-301F-11D3-BF4B-00C04F79EFBC}") = "3DPresentation.Web", "3DPresentation.Web\3DPresentation.Web.csproj", "{4038F6FC-5E12-44B5-AE91-149B00FC4D02}"
EndProject
Project("{FAE04EC0-301F-11D3-BF4B-00C04F79EFBC}") = "ShaderEffectsLibrary", "ShaderEffectsLibrary\ShaderEffectsLibrary.csproj", "{A933FC48-0061-4994-881F-2146B5B407C3}"
EndProject
Project("{FAE04EC0-301F-11D3-BF4B-00C04F79EFBC}") = "Babylon", "Babylon\Babylon.csproj", "{F34C514B-6146-4712-AFA6-1FBF4028F00E}"
EndProject
Project("{FAE04EC0-301F-11D3-BF4B-00C04F79EFBC}") = "SL40PropertyGrid", "SL40PropertyGrid\SL40PropertyGrid.csproj", "{BF2F5CDA-EF80-45F9-99EE-01C1A078339E}"
EndProject
Project("{FAE04EC0-301F-11D3-BF4B-00C04F79EFBC}") = "Babylon.Toolbox", "Babylon.Toolbox\Babylon.Toolbox.csproj", "{FDE5F342-9CE4-405B-8AA3-D7B16AED2C36}"
EndProject
Global
	GlobalSection(SolutionConfigurationPlatforms) = preSolution
		Debug|Any CPU = Debug|Any CPU
		Release|Any CPU = Release|Any CPU
	EndGlobalSection
	GlobalSection(ProjectConfigurationPlatforms) = postSolution
		{AFFAF371-8DB4-4FF1-893A-69DF3BB423AF}.Debug|Any CPU.ActiveCfg = Debug|Any CPU
		{AFFAF371-8DB4-4FF1-893A-69DF3BB423AF}.Debug|Any CPU.Build.0 = Debug|Any CPU
		{AFFAF371-8DB4-4FF1-893A-69DF3BB423AF}.Release|Any CPU.ActiveCfg = Release|Any CPU
		{AFFAF371-8DB4-4FF1-893A-69DF3BB423AF}.Release|Any CPU.Build.0 = Release|Any CPU
		{4038F6FC-5E12-44B5-AE91-149B00FC4D02}.Debug|Any CPU.ActiveCfg = Debug|Any CPU
		{4038F6FC-5E12-44B5-AE91-149B00FC4D02}.Debug|Any CPU.Build.0 = Debug|Any CPU
		{4038F6FC-5E12-44B5-AE91-149B00FC4D02}.Release|Any CPU.ActiveCfg = Release|Any CPU
		{4038F6FC-5E12-44B5-AE91-149B00FC4D02}.Release|Any CPU.Build.0 = Release|Any CPU
		{A933FC48-0061-4994-881F-2146B5B407C3}.Debug|Any CPU.ActiveCfg = Debug|Any CPU
		{A933FC48-0061-4994-881F-2146B5B407C3}.Debug|Any CPU.Build.0 = Debug|Any CPU
		{A933FC48-0061-4994-881F-2146B5B407C3}.Release|Any CPU.ActiveCfg = Release|Any CPU
		{A933FC48-0061-4994-881F-2146B5B407C3}.Release|Any CPU.Build.0 = Release|Any CPU
		{F34C514B-6146-4712-AFA6-1FBF4028F00E}.Debug|Any CPU.ActiveCfg = Debug|Any CPU
		{F34C514B-6146-4712-AFA6-1FBF4028F00E}.Debug|Any CPU.Build.0 = Debug|Any CPU
		{F34C514B-6146-4712-AFA6-1FBF4028F00E}.Release|Any CPU.ActiveCfg = Release|Any CPU
		{F34C514B-6146-4712-AFA6-1FBF4028F00E}.Release|Any CPU.Build.0 = Release|Any CPU
		{BF2F5CDA-EF80-45F9-99EE-01C1A078339E}.Debug|Any CPU.ActiveCfg = Debug|Any CPU
		{BF2F5CDA-EF80-45F9-99EE-01C1A078339E}.Debug|Any CPU.Build.0 = Debug|Any CPU
		{BF2F5CDA-EF80-45F9-99EE-01C1A078339E}.Release|Any CPU.ActiveCfg = Release|Any CPU
		{BF2F5CDA-EF80-45F9-99EE-01C1A078339E}.Release|Any CPU.Build.0 = Release|Any CPU
		{FDE5F342-9CE4-405B-8AA3-D7B16AED2C36}.Debug|Any CPU.ActiveCfg = Debug|Any CPU
		{FDE5F342-9CE4-405B-8AA3-D7B16AED2C36}.Debug|Any CPU.Build.0 = Debug|Any CPU
		{FDE5F342-9CE4-405B-8AA3-D7B16AED2C36}.Release|Any CPU.ActiveCfg = Release|Any CPU
		{FDE5F342-9CE4-405B-8AA3-D7B16AED2C36}.Release|Any CPU.Build.0 = Release|Any CPU
	EndGlobalSection
	GlobalSection(SolutionProperties) = preSolution
		HideSolutionNode = FALSE
	EndGlobalSection
EndGlobal
