Microsoft Visual Studio Solution File, Format Version 10.00
# Visual Studio 2008
Project("{8BC9CEB8-8B4A-11D0-8D11-00A0C91BC942}") = "ALL_BUILD", "ALL_BUILD.vcproj", "{D1AA8872-6C33-4072-BB93-CBAA66E2D1F6}"
	ProjectSection(ProjectDependencies) = postProject
		{1D72F571-1446-412E-BEAD-683CDB0163B9} = {1D72F571-1446-412E-BEAD-683CDB0163B9}
		{C97A53FE-F311-4BC0-82ED-B97C3CA46B03} = {C97A53FE-F311-4BC0-82ED-B97C3CA46B03}
		{0AD09BD3-3BCF-46DB-9D9E-CA4BC10DAE89} = {0AD09BD3-3BCF-46DB-9D9E-CA4BC10DAE89}
		{F8D96341-BB3D-43B2-913D-EA7AADBADA1D} = {F8D96341-BB3D-43B2-913D-EA7AADBADA1D}
		{58732D58-7835-4E1B-A24D-1E64D30C5134} = {58732D58-7835-4E1B-A24D-1E64D30C5134}
		{BD25FAB8-C214-45CC-9FCB-DBD676BD7F30} = {BD25FAB8-C214-45CC-9FCB-DBD676BD7F30}
		{78B91A76-D57E-46CA-85B0-8C5EC27800AD} = {78B91A76-D57E-46CA-85B0-8C5EC27800AD}
	EndProjectSection
EndProject
Project("{8BC9CEB8-8B4A-11D0-8D11-00A0C91BC942}") = "ZERO_CHECK", "ZERO_CHECK.vcproj", "{1D72F571-1446-412E-BEAD-683CDB0163B9}"
EndProject
Project("{8BC9CEB8-8B4A-11D0-8D11-00A0C91BC942}") = "calibrate_kinect", "calibration\calibrate_kinect.vcproj", "{C97A53FE-F311-4BC0-82ED-B97C3CA46B03}"
	ProjectSection(ProjectDependencies) = postProject
		{1D72F571-1446-412E-BEAD-683CDB0163B9} = {1D72F571-1446-412E-BEAD-683CDB0163B9}
		{58732D58-7835-4E1B-A24D-1E64D30C5134} = {58732D58-7835-4E1B-A24D-1E64D30C5134}
	EndProjectSection
EndProject
Project("{8BC9CEB8-8B4A-11D0-8D11-00A0C91BC942}") = "calibrate_kinect_ir", "calibration\calibrate_kinect_ir.vcproj", "{0AD09BD3-3BCF-46DB-9D9E-CA4BC10DAE89}"
	ProjectSection(ProjectDependencies) = postProject
		{1D72F571-1446-412E-BEAD-683CDB0163B9} = {1D72F571-1446-412E-BEAD-683CDB0163B9}
		{58732D58-7835-4E1B-A24D-1E64D30C5134} = {58732D58-7835-4E1B-A24D-1E64D30C5134}
	EndProjectSection
EndProject
Project("{8BC9CEB8-8B4A-11D0-8D11-00A0C91BC942}") = "nestk", "nestk\ntk\nestk.vcproj", "{58732D58-7835-4E1B-A24D-1E64D30C5134}"
	ProjectSection(ProjectDependencies) = postProject
		{1D72F571-1446-412E-BEAD-683CDB0163B9} = {1D72F571-1446-412E-BEAD-683CDB0163B9}
		{F8D96341-BB3D-43B2-913D-EA7AADBADA1D} = {F8D96341-BB3D-43B2-913D-EA7AADBADA1D}
	EndProjectSection
EndProject
Project("{8BC9CEB8-8B4A-11D0-8D11-00A0C91BC942}") = "rgbd-reconstructor", "reconstructor\rgbd-reconstructor.vcproj", "{BD25FAB8-C214-45CC-9FCB-DBD676BD7F30}"
	ProjectSection(ProjectDependencies) = postProject
		{1D72F571-1446-412E-BEAD-683CDB0163B9} = {1D72F571-1446-412E-BEAD-683CDB0163B9}
		{58732D58-7835-4E1B-A24D-1E64D30C5134} = {58732D58-7835-4E1B-A24D-1E64D30C5134}
	EndProjectSection
EndProject
Project("{8BC9CEB8-8B4A-11D0-8D11-00A0C91BC942}") = "rgbd-viewer", "viewer\rgbd-viewer.vcproj", "{78B91A76-D57E-46CA-85B0-8C5EC27800AD}"
	ProjectSection(ProjectDependencies) = postProject
		{1D72F571-1446-412E-BEAD-683CDB0163B9} = {1D72F571-1446-412E-BEAD-683CDB0163B9}
		{58732D58-7835-4E1B-A24D-1E64D30C5134} = {58732D58-7835-4E1B-A24D-1E64D30C5134}
	EndProjectSection
EndProject
Project("{8BC9CEB8-8B4A-11D0-8D11-00A0C91BC942}") = "uninstall", "nestk\deps\opencv\uninstall.vcproj", "{0C18E51A-D536-410D-8A29-ED3274E5CC3F}"
	ProjectSection(ProjectDependencies) = postProject
		{1D72F571-1446-412E-BEAD-683CDB0163B9} = {1D72F571-1446-412E-BEAD-683CDB0163B9}
	EndProjectSection
EndProject
Project("{8BC9CEB8-8B4A-11D0-8D11-00A0C91BC942}") = "glew", "nestk\deps\glew\glew.vcproj", "{F8D96341-BB3D-43B2-913D-EA7AADBADA1D}"
EndProject
Global
	GlobalSection(SolutionConfigurationPlatforms) = preSolution
		Debug|Win32 = Debug|Win32
		MinSizeRel|Win32 = MinSizeRel|Win32
		Release,RelWithDebInfo|Win32 = Release,RelWithDebInfo|Win32
		Release|Win32 = Release|Win32
		RelWithDebInfo|Win32 = RelWithDebInfo|Win32
	EndGlobalSection
	GlobalSection(ProjectConfigurationPlatforms) = postSolution
		{D1AA8872-6C33-4072-BB93-CBAA66E2D1F6}.Debug|Win32.ActiveCfg = Debug|Win32
		{D1AA8872-6C33-4072-BB93-CBAA66E2D1F6}.Debug|Win32.Build.0 = Debug|Win32
		{D1AA8872-6C33-4072-BB93-CBAA66E2D1F6}.MinSizeRel|Win32.ActiveCfg = MinSizeRel|Win32
		{D1AA8872-6C33-4072-BB93-CBAA66E2D1F6}.MinSizeRel|Win32.Build.0 = MinSizeRel|Win32
		{D1AA8872-6C33-4072-BB93-CBAA66E2D1F6}.Release,RelWithDebInfo|Win32.ActiveCfg = Release,RelWithDebInfo|Win32
		{D1AA8872-6C33-4072-BB93-CBAA66E2D1F6}.Release,RelWithDebInfo|Win32.Build.0 = Release,RelWithDebInfo|Win32
		{D1AA8872-6C33-4072-BB93-CBAA66E2D1F6}.Release|Win32.ActiveCfg = Release|Win32
		{D1AA8872-6C33-4072-BB93-CBAA66E2D1F6}.Release|Win32.Build.0 = Release|Win32
		{D1AA8872-6C33-4072-BB93-CBAA66E2D1F6}.RelWithDebInfo|Win32.ActiveCfg = RelWithDebInfo|Win32
		{D1AA8872-6C33-4072-BB93-CBAA66E2D1F6}.RelWithDebInfo|Win32.Build.0 = RelWithDebInfo|Win32
		{1D72F571-1446-412E-BEAD-683CDB0163B9}.Debug|Win32.ActiveCfg = Debug|Win32
		{1D72F571-1446-412E-BEAD-683CDB0163B9}.Debug|Win32.Build.0 = Debug|Win32
		{1D72F571-1446-412E-BEAD-683CDB0163B9}.MinSizeRel|Win32.ActiveCfg = MinSizeRel|Win32
		{1D72F571-1446-412E-BEAD-683CDB0163B9}.MinSizeRel|Win32.Build.0 = MinSizeRel|Win32
		{1D72F571-1446-412E-BEAD-683CDB0163B9}.Release,RelWithDebInfo|Win32.ActiveCfg = Release,RelWithDebInfo|Win32
		{1D72F571-1446-412E-BEAD-683CDB0163B9}.Release,RelWithDebInfo|Win32.Build.0 = Release,RelWithDebInfo|Win32
		{1D72F571-1446-412E-BEAD-683CDB0163B9}.Release|Win32.ActiveCfg = Release|Win32
		{1D72F571-1446-412E-BEAD-683CDB0163B9}.Release|Win32.Build.0 = Release|Win32
		{1D72F571-1446-412E-BEAD-683CDB0163B9}.RelWithDebInfo|Win32.ActiveCfg = RelWithDebInfo|Win32
		{1D72F571-1446-412E-BEAD-683CDB0163B9}.RelWithDebInfo|Win32.Build.0 = RelWithDebInfo|Win32
		{C97A53FE-F311-4BC0-82ED-B97C3CA46B03}.Debug|Win32.ActiveCfg = Debug|Win32
		{C97A53FE-F311-4BC0-82ED-B97C3CA46B03}.Debug|Win32.Build.0 = Debug|Win32
		{C97A53FE-F311-4BC0-82ED-B97C3CA46B03}.MinSizeRel|Win32.ActiveCfg = MinSizeRel|Win32
		{C97A53FE-F311-4BC0-82ED-B97C3CA46B03}.MinSizeRel|Win32.Build.0 = MinSizeRel|Win32
		{C97A53FE-F311-4BC0-82ED-B97C3CA46B03}.Release,RelWithDebInfo|Win32.ActiveCfg = Release,RelWithDebInfo|Win32
		{C97A53FE-F311-4BC0-82ED-B97C3CA46B03}.Release,RelWithDebInfo|Win32.Build.0 = Release,RelWithDebInfo|Win32
		{C97A53FE-F311-4BC0-82ED-B97C3CA46B03}.Release|Win32.ActiveCfg = Release|Win32
		{C97A53FE-F311-4BC0-82ED-B97C3CA46B03}.Release|Win32.Build.0 = Release|Win32
		{C97A53FE-F311-4BC0-82ED-B97C3CA46B03}.RelWithDebInfo|Win32.ActiveCfg = RelWithDebInfo|Win32
		{C97A53FE-F311-4BC0-82ED-B97C3CA46B03}.RelWithDebInfo|Win32.Build.0 = RelWithDebInfo|Win32
		{0AD09BD3-3BCF-46DB-9D9E-CA4BC10DAE89}.Debug|Win32.ActiveCfg = Debug|Win32
		{0AD09BD3-3BCF-46DB-9D9E-CA4BC10DAE89}.Debug|Win32.Build.0 = Debug|Win32
		{0AD09BD3-3BCF-46DB-9D9E-CA4BC10DAE89}.MinSizeRel|Win32.ActiveCfg = MinSizeRel|Win32
		{0AD09BD3-3BCF-46DB-9D9E-CA4BC10DAE89}.MinSizeRel|Win32.Build.0 = MinSizeRel|Win32
		{0AD09BD3-3BCF-46DB-9D9E-CA4BC10DAE89}.Release,RelWithDebInfo|Win32.ActiveCfg = Release,RelWithDebInfo|Win32
		{0AD09BD3-3BCF-46DB-9D9E-CA4BC10DAE89}.Release,RelWithDebInfo|Win32.Build.0 = Release,RelWithDebInfo|Win32
		{0AD09BD3-3BCF-46DB-9D9E-CA4BC10DAE89}.Release|Win32.ActiveCfg = Release|Win32
		{0AD09BD3-3BCF-46DB-9D9E-CA4BC10DAE89}.Release|Win32.Build.0 = Release|Win32
		{0AD09BD3-3BCF-46DB-9D9E-CA4BC10DAE89}.RelWithDebInfo|Win32.ActiveCfg = RelWithDebInfo|Win32
		{0AD09BD3-3BCF-46DB-9D9E-CA4BC10DAE89}.RelWithDebInfo|Win32.Build.0 = RelWithDebInfo|Win32
		{58732D58-7835-4E1B-A24D-1E64D30C5134}.Debug|Win32.ActiveCfg = Debug|Win32
		{58732D58-7835-4E1B-A24D-1E64D30C5134}.Debug|Win32.Build.0 = Debug|Win32
		{58732D58-7835-4E1B-A24D-1E64D30C5134}.MinSizeRel|Win32.ActiveCfg = MinSizeRel|Win32
		{58732D58-7835-4E1B-A24D-1E64D30C5134}.MinSizeRel|Win32.Build.0 = MinSizeRel|Win32
		{58732D58-7835-4E1B-A24D-1E64D30C5134}.Release,RelWithDebInfo|Win32.ActiveCfg = Release,RelWithDebInfo|Win32
		{58732D58-7835-4E1B-A24D-1E64D30C5134}.Release,RelWithDebInfo|Win32.Build.0 = Release,RelWithDebInfo|Win32
		{58732D58-7835-4E1B-A24D-1E64D30C5134}.Release|Win32.ActiveCfg = Release|Win32
		{58732D58-7835-4E1B-A24D-1E64D30C5134}.Release|Win32.Build.0 = Release|Win32
		{58732D58-7835-4E1B-A24D-1E64D30C5134}.RelWithDebInfo|Win32.ActiveCfg = RelWithDebInfo|Win32
		{58732D58-7835-4E1B-A24D-1E64D30C5134}.RelWithDebInfo|Win32.Build.0 = RelWithDebInfo|Win32
		{BD25FAB8-C214-45CC-9FCB-DBD676BD7F30}.Debug|Win32.ActiveCfg = Debug|Win32
		{BD25FAB8-C214-45CC-9FCB-DBD676BD7F30}.Debug|Win32.Build.0 = Debug|Win32
		{BD25FAB8-C214-45CC-9FCB-DBD676BD7F30}.MinSizeRel|Win32.ActiveCfg = MinSizeRel|Win32
		{BD25FAB8-C214-45CC-9FCB-DBD676BD7F30}.MinSizeRel|Win32.Build.0 = MinSizeRel|Win32
		{BD25FAB8-C214-45CC-9FCB-DBD676BD7F30}.Release,RelWithDebInfo|Win32.ActiveCfg = Release,RelWithDebInfo|Win32
		{BD25FAB8-C214-45CC-9FCB-DBD676BD7F30}.Release,RelWithDebInfo|Win32.Build.0 = Release,RelWithDebInfo|Win32
		{BD25FAB8-C214-45CC-9FCB-DBD676BD7F30}.Release|Win32.ActiveCfg = Release|Win32
		{BD25FAB8-C214-45CC-9FCB-DBD676BD7F30}.Release|Win32.Build.0 = Release|Win32
		{BD25FAB8-C214-45CC-9FCB-DBD676BD7F30}.RelWithDebInfo|Win32.ActiveCfg = RelWithDebInfo|Win32
		{BD25FAB8-C214-45CC-9FCB-DBD676BD7F30}.RelWithDebInfo|Win32.Build.0 = RelWithDebInfo|Win32
		{78B91A76-D57E-46CA-85B0-8C5EC27800AD}.Debug|Win32.ActiveCfg = Debug|Win32
		{78B91A76-D57E-46CA-85B0-8C5EC27800AD}.Debug|Win32.Build.0 = Debug|Win32
		{78B91A76-D57E-46CA-85B0-8C5EC27800AD}.MinSizeRel|Win32.ActiveCfg = MinSizeRel|Win32
		{78B91A76-D57E-46CA-85B0-8C5EC27800AD}.MinSizeRel|Win32.Build.0 = MinSizeRel|Win32
		{78B91A76-D57E-46CA-85B0-8C5EC27800AD}.Release,RelWithDebInfo|Win32.ActiveCfg = Release,RelWithDebInfo|Win32
		{78B91A76-D57E-46CA-85B0-8C5EC27800AD}.Release,RelWithDebInfo|Win32.Build.0 = Release,RelWithDebInfo|Win32
		{78B91A76-D57E-46CA-85B0-8C5EC27800AD}.Release|Win32.ActiveCfg = Release|Win32
		{78B91A76-D57E-46CA-85B0-8C5EC27800AD}.Release|Win32.Build.0 = Release|Win32
		{78B91A76-D57E-46CA-85B0-8C5EC27800AD}.RelWithDebInfo|Win32.ActiveCfg = RelWithDebInfo|Win32
		{78B91A76-D57E-46CA-85B0-8C5EC27800AD}.RelWithDebInfo|Win32.Build.0 = RelWithDebInfo|Win32
		{0C18E51A-D536-410D-8A29-ED3274E5CC3F}.Debug|Win32.ActiveCfg = Debug|Win32
		{0C18E51A-D536-410D-8A29-ED3274E5CC3F}.MinSizeRel|Win32.ActiveCfg = MinSizeRel|Win32
		{0C18E51A-D536-410D-8A29-ED3274E5CC3F}.Release,RelWithDebInfo|Win32.ActiveCfg = Release,RelWithDebInfo|Win32
		{0C18E51A-D536-410D-8A29-ED3274E5CC3F}.Release|Win32.ActiveCfg = Release|Win32
		{0C18E51A-D536-410D-8A29-ED3274E5CC3F}.RelWithDebInfo|Win32.ActiveCfg = RelWithDebInfo|Win32
		{F8D96341-BB3D-43B2-913D-EA7AADBADA1D}.Debug|Win32.ActiveCfg = Debug|Win32
		{F8D96341-BB3D-43B2-913D-EA7AADBADA1D}.Debug|Win32.Build.0 = Debug|Win32
		{F8D96341-BB3D-43B2-913D-EA7AADBADA1D}.MinSizeRel|Win32.ActiveCfg = MinSizeRel|Win32
		{F8D96341-BB3D-43B2-913D-EA7AADBADA1D}.MinSizeRel|Win32.Build.0 = MinSizeRel|Win32
		{F8D96341-BB3D-43B2-913D-EA7AADBADA1D}.Release,RelWithDebInfo|Win32.ActiveCfg = Release,RelWithDebInfo|Win32
		{F8D96341-BB3D-43B2-913D-EA7AADBADA1D}.Release,RelWithDebInfo|Win32.Build.0 = Release,RelWithDebInfo|Win32
		{F8D96341-BB3D-43B2-913D-EA7AADBADA1D}.Release|Win32.ActiveCfg = Release|Win32
		{F8D96341-BB3D-43B2-913D-EA7AADBADA1D}.Release|Win32.Build.0 = Release|Win32
		{F8D96341-BB3D-43B2-913D-EA7AADBADA1D}.RelWithDebInfo|Win32.ActiveCfg = RelWithDebInfo|Win32
		{F8D96341-BB3D-43B2-913D-EA7AADBADA1D}.RelWithDebInfo|Win32.Build.0 = RelWithDebInfo|Win32
	EndGlobalSection
	GlobalSection(SolutionProperties) = preSolution
		HideSolutionNode = FALSE
	EndGlobalSection
EndGlobal
