
Microsoft Visual Studio Solution File, Format Version 10.00
# Visual Studio 2008
Project("{8BC9CEB8-8B4A-11D0-8D11-00A0C91BC942}") = "IterativeClosestPoint", "IterativeClosestPoint\IterativeClosestPoint.vcproj", "{337C57B0-CB55-4FEA-956C-1953307D2DFE}"
EndProject
Global
	GlobalSection(SolutionConfigurationPlatforms) = preSolution
		Debug|Win32 = Debug|Win32
		Release|Win32 = Release|Win32
	EndGlobalSection
	GlobalSection(ProjectConfigurationPlatforms) = postSolution
		{337C57B0-CB55-4FEA-956C-1953307D2DFE}.Debug|Win32.ActiveCfg = Debug|Win32
		{337C57B0-CB55-4FEA-956C-1953307D2DFE}.Debug|Win32.Build.0 = Debug|Win32
		{337C57B0-CB55-4FEA-956C-1953307D2DFE}.Release|Win32.ActiveCfg = Release|Win32
		{337C57B0-CB55-4FEA-956C-1953307D2DFE}.Release|Win32.Build.0 = Release|Win32
	EndGlobalSection
	GlobalSection(SolutionProperties) = preSolution
		HideSolutionNode = FALSE
	EndGlobalSection
EndGlobal
